# This file is automatically @generated by Cargo.
# It is not intended for manual editing.
version = 4

[[package]]
name = "libc"
version = "0.2.168"
source = "registry+https://github.com/rust-lang/crates.io-index"
checksum = "5aaeb2981e0606ca11d79718f8bb01164f1d6ed75080182d3abf017e6d244b6d"

[[package]]
name = "main_export"
version = "0.1.0"
dependencies = [
 "quote",
 "relib_exportify",
 "syn",
]

[[package]]
name = "module"
version = "0.1.0"
dependencies = [
 "main_export",
 "relib_module",
]

[[package]]
name = "prettyplease"
version = "0.2.25"
source = "registry+https://github.com/rust-lang/crates.io-index"
checksum = "64d1ec885c64d0457d564db4ec299b2dae3f9c02808b8ad9c3a089c591b18033"
dependencies = [
 "proc-macro2",
 "syn",
]

[[package]]
name = "proc-macro2"
version = "1.0.92"
source = "registry+https://github.com/rust-lang/crates.io-index"
checksum = "37d3544b3f2748c54e147655edb5025752e2303145b5aefb3c3ea2c78b973bb0"
dependencies = [
 "unicode-ident",
]

[[package]]
name = "quote"
version = "1.0.37"
source = "registry+https://github.com/rust-lang/crates.io-index"
checksum = "b5b9d34b8991d19d98081b46eacdd8eb58c6f2b201139f7c5f643cc155a633af"
dependencies = [
 "proc-macro2",
]

[[package]]
name = "relib_export"
version = "0.4.2"
dependencies = [
 "relib_exportify",
]

[[package]]
name = "relib_exportify"
version = "0.4.2"
dependencies = [
 "proc-macro2",
 "quote",
 "relib_internal_shared",
 "syn",
]

[[package]]
name = "relib_interface"
version = "0.4.2"
dependencies = [
 "prettyplease",
 "proc-macro2",
 "quote",
 "relib_internal_shared",
 "syn",
]

[[package]]
name = "relib_internal_crate_compilation_info"
version = "0.4.2"

[[package]]
name = "relib_internal_shared"
version = "0.4.2"

[[package]]
name = "relib_module"
version = "0.4.2"
dependencies = [
 "libc",
 "relib_export",
 "relib_interface",
 "relib_internal_crate_compilation_info",
 "relib_internal_shared",
]

[[package]]
name = "syn"
version = "2.0.90"
source = "registry+https://github.com/rust-lang/crates.io-index"
checksum = "919d3b74a5dd0ccd15aeb8f93e7006bd9e14c295087c9896a110f490752bcf31"
dependencies = [
 "proc-macro2",
 "quote",
 "unicode-ident",
]

[[package]]
name = "unicode-ident"
version = "1.0.14"
source = "registry+https://github.com/rust-lang/crates.io-index"
checksum = "adb9e6ca4f869e1180728b7950e35922a7fc6397f7b641499e8f3ef06e50dc83"
